# This file was autogenerated by Stack.
# You should not edit this file by hand.
# For more information, please see the documentation at:
#   https://docs.haskellstack.org/en/stable/lock_files

packages:
- completed:
    hackage: higgledy-0.3.0.0@sha256:d1127f5f4b37c894d0bed093b642949d839840dbe1c289ce3f336e6273105c4b,1472
    pantry-tree:
      size: 607
      sha256: 0960534fe4aff1aa0467d15ab686f8e56be763f1cf4b83d4032e360fc1d4492b
  original:
    hackage: higgledy-0.3.0.0@sha256:d1127f5f4b37c894d0bed093b642949d839840dbe1c289ce3f336e6273105c4b,1472
snapshots:
- completed:
    size: 491155
    url: https://raw.githubusercontent.com/commercialhaskell/stackage-snapshots/master/lts/13/0.yaml
    sha256: 8d3c33e0feab8e04b9ed31452e0219a2b827ed1338c809f79d986c71a177e6ba
  original: lts-13.0
